Microsoft Visual Studio Solution File, Format Version 11.00
# Visual Studio 2008

Project("{2DA3BF3C-1B79-E39E-8FFA-179B29DF43C8}") = "Game1 copy", "Assembly-CSharp-firstpass-vs.csproj", "{EBB62EEA-2C36-3CC3-D160-56E09B981FD0}"
EndProject
Global
	GlobalSection(SolutionConfigurationPlatforms) = preSolution
		Debug|Any CPU = Debug|Any CPU
		Release|Any CPU = Release|Any CPU
	EndGlobalSection
	GlobalSection(ProjectConfigurationPlatforms) = postSolution
		{EBB62EEA-2C36-3CC3-D160-56E09B981FD0}.Debug|Any CPU.ActiveCfg = Debug|Any CPU
		{EBB62EEA-2C36-3CC3-D160-56E09B981FD0}.Debug|Any CPU.Build.0 = Debug|Any CPU
		{EBB62EEA-2C36-3CC3-D160-56E09B981FD0}.Release|Any CPU.ActiveCfg = Release|Any CPU
		{EBB62EEA-2C36-3CC3-D160-56E09B981FD0}.Release|Any CPU.Build.0 = Release|Any CPU
	EndGlobalSection
	GlobalSection(SolutionProperties) = preSolution
		HideSolutionNode = FALSE
	EndGlobalSection
							GlobalSection(MonoDevelopProperties) = preSolution
		StartupItem = Assembly-CSharp.csproj
		Policies = $0
		$0.TextStylePolicy = $1
		$1.inheritsSet = null
		$1.scope = text/x-csharp
		$0.CSharpFormattingPolicy = $2
		$2.inheritsSet = Mono
		$2.inheritsScope = text/x-csharp
		$2.scope = text/x-csharp
		$0.TextStylePolicy = $3
		$3.FileWidth = 120
		$3.TabWidth = 4
		$3.EolMarker = Unix
		$3.inheritsSet = Mono
		$3.inheritsScope = text/plain
		$3.scope = text/plain
	EndGlobalSection

EndGlobal
